// !$*UTF8*$!
{
	archiveVersion = 1;
	classes = {
	};
	objectVersion = 56;
	objects = {

/* Begin PBXBuildFile section */
		CAA0C2F72C65BD2C00188707 /* AppDelegate.swift in Sources */ = {isa = PBXBuildFile; fileRef = CAA0C2F62C65BD2C00188707 /* AppDelegate.swift */; };
		CAA0C2F92C65BD2C00188707 /* SceneDelegate.swift in Sources */ = {isa = PBXBuildFile; fileRef = CAA0C2F82C65BD2C00188707 /* SceneDelegate.swift */; };
		CAA0C2FB2C65BD2C00188707 /* ViewController.swift in Sources */ = {isa = PBXBuildFile; fileRef = CAA0C2FA2C65BD2C00188707 /* ViewController.swift */; };
		CAA0C2FE2C65BD2C00188707 /* Base in Resources */ = {isa = PBXBuildFile; fileRef = CAA0C2FD2C65BD2C00188707 /* Base */; };
		CAA0C3032C65BD2D00188707 /* Base in Resources */ = {isa = PBXBuildFile; fileRef = CAA0C3022C65BD2D00188707 /* Base */; };
		CAA0C30E2C65BD2D00188707 /* uberAppTests.swift in Sources */ = {isa = PBXBuildFile; fileRef = CAA0C30D2C65BD2D00188707 /* uberAppTests.swift */; };
		CAA0C3182C65BD2D00188707 /* uberAppUITests.swift in Sources */ = {isa = PBXBuildFile; fileRef = CAA0C3172C65BD2D00188707 /* uberAppUITests.swift */; };
		CAA0C31A2C65BD2D00188707 /* uberAppUITestsLaunchTests.swift in Sources */ = {isa = PBXBuildFile; fileRef = CAA0C3192C65BD2D00188707 /* uberAppUITestsLaunchTests.swift */; };
		E650583D2C7CF88100D89D5B /* CuentaTableViewCell.swift in Sources */ = {isa = PBXBuildFile; fileRef = E650583B2C7CF88100D89D5B /* CuentaTableViewCell.swift */; };
		E650583E2C7CF88100D89D5B /* CuentaTableViewCell.xib in Resources */ = {isa = PBXBuildFile; fileRef = E650583C2C7CF88100D89D5B /* CuentaTableViewCell.xib */; };
		E67087772C74F5C90015E321 /* mapsViewController.swift in Sources */ = {isa = PBXBuildFile; fileRef = E67087762C74F5C90015E321 /* mapsViewController.swift */; };
		E67087792C74F60F0015E321 /* optionsViewController.swift in Sources */ = {isa = PBXBuildFile; fileRef = E67087782C74F60F0015E321 /* optionsViewController.swift */; };
		E670877B2C75563D0015E321 /* actividadViewController.swift in Sources */ = {isa = PBXBuildFile; fileRef = E670877A2C75563D0015E321 /* actividadViewController.swift */; };
		E670877D2C7556540015E321 /* profileViewController.swift in Sources */ = {isa = PBXBuildFile; fileRef = E670877C2C7556540015E321 /* profileViewController.swift */; };
		E68AC5162C827B58005B687B /* Assets.xcassets in Resources */ = {isa = PBXBuildFile; fileRef = E68AC5152C827B58005B687B /* Assets.xcassets */; };
		E68C1D622C77C50C008D48C3 /* activityCardTableViewCell.xib in Resources */ = {isa = PBXBuildFile; fileRef = E68C1D612C77C50C008D48C3 /* activityCardTableViewCell.xib */; };
		E68C1D632C77C50C008D48C3 /* activityCardTableViewCell.swift in Sources */ = {isa = PBXBuildFile; fileRef = E68C1D602C77C50C008D48C3 /* activityCardTableViewCell.swift */; };
		E6CEA3942C6AE8CD0053A1D6 /* Dashboard.storyboard in Resources */ = {isa = PBXBuildFile; fileRef = E6CEA3932C6AE8CD0053A1D6 /* Dashboard.storyboard */; };
		E6CEA3962C6AE8FC0053A1D6 /* dashboardViewController.swift in Sources */ = {isa = PBXBuildFile; fileRef = E6CEA3952C6AE8FC0053A1D6 /* dashboardViewController.swift */; };
/* End PBXBuildFile section */

/* Begin PBXContainerItemProxy section */
		CAA0C30A2C65BD2D00188707 /* PBXContainerItemProxy */ = {
			isa = PBXContainerItemProxy;
			containerPortal = CAA0C2EB2C65BD2C00188707 /* Project object */;
			proxyType = 1;
			remoteGlobalIDString = CAA0C2F22C65BD2C00188707;
			remoteInfo = uberApp;
		};
		CAA0C3142C65BD2D00188707 /* PBXContainerItemProxy */ = {
			isa = PBXContainerItemProxy;
			containerPortal = CAA0C2EB2C65BD2C00188707 /* Project object */;
			proxyType = 1;
			remoteGlobalIDString = CAA0C2F22C65BD2C00188707;
			remoteInfo = uberApp;
		};
/* End PBXContainerItemProxy section */

/* Begin PBXFileReference section */
		CAA0C2F32C65BD2C00188707 /* uberApp.app */ = {isa = PBXFileReference; explicitFileType = wrapper.application; includeInIndex = 0; path = uberApp.app; sourceTree = BUILT_PRODUCTS_DIR; };
		CAA0C2F62C65BD2C00188707 /* AppDelegate.swift */ = {isa = PBXFileReference; lastKnownFileType = sourcecode.swift; path = AppDelegate.swift; sourceTree = "<group>"; };
		CAA0C2F82C65BD2C00188707 /* SceneDelegate.swift */ = {isa = PBXFileReference; lastKnownFileType = sourcecode.swift; path = SceneDelegate.swift; sourceTree = "<group>"; };
		CAA0C2FA2C65BD2C00188707 /* ViewController.swift */ = {isa = PBXFileReference; lastKnownFileType = sourcecode.swift; path = ViewController.swift; sourceTree = "<group>"; };
		CAA0C2FD2C65BD2C00188707 /* Base */ = {isa = PBXFileReference; lastKnownFileType = file.storyboard; name = Base; path = Base.lproj/Main.storyboard; sourceTree = "<group>"; };
		CAA0C3022C65BD2D00188707 /* Base */ = {isa = PBXFileReference; lastKnownFileType = file.storyboard; name = Base; path = Base.lproj/LaunchScreen.storyboard; sourceTree = "<group>"; };
		CAA0C3042C65BD2D00188707 /* Info.plist */ = {isa = PBXFileReference; lastKnownFileType = text.plist.xml; path = Info.plist; sourceTree = "<group>"; };
		CAA0C3092C65BD2D00188707 /* uberAppTests.xctest */ = {isa = PBXFileReference; explicitFileType = wrapper.cfbundle; includeInIndex = 0; path = uberAppTests.xctest; sourceTree = BUILT_PRODUCTS_DIR; };
		CAA0C30D2C65BD2D00188707 /* uberAppTests.swift */ = {isa = PBXFileReference; lastKnownFileType = sourcecode.swift; path = uberAppTests.swift; sourceTree = "<group>"; };
		CAA0C3132C65BD2D00188707 /* uberAppUITests.xctest */ = {isa = PBXFileReference; explicitFileType = wrapper.cfbundle; includeInIndex = 0; path = uberAppUITests.xctest; sourceTree = BUILT_PRODUCTS_DIR; };
		CAA0C3172C65BD2D00188707 /* uberAppUITests.swift */ = {isa = PBXFileReference; lastKnownFileType = sourcecode.swift; path = uberAppUITests.swift; sourceTree = "<group>"; };
		CAA0C3192C65BD2D00188707 /* uberAppUITestsLaunchTests.swift */ = {isa = PBXFileReference; lastKnownFileType = sourcecode.swift; path = uberAppUITestsLaunchTests.swift; sourceTree = "<group>"; };
		E650583B2C7CF88100D89D5B /* CuentaTableViewCell.swift */ = {isa = PBXFileReference; lastKnownFileType = sourcecode.swift; path = CuentaTableViewCell.swift; sourceTree = "<group>"; };
		E650583C2C7CF88100D89D5B /* CuentaTableViewCell.xib */ = {isa = PBXFileReference; lastKnownFileType = file.xib; path = CuentaTableViewCell.xib; sourceTree = "<group>"; };
		E67087762C74F5C90015E321 /* mapsViewController.swift */ = {isa = PBXFileReference; lastKnownFileType = sourcecode.swift; path = mapsViewController.swift; sourceTree = "<group>"; };
		E67087782C74F60F0015E321 /* optionsViewController.swift */ = {isa = PBXFileReference; lastKnownFileType = sourcecode.swift; path = optionsViewController.swift; sourceTree = "<group>"; };
		E670877A2C75563D0015E321 /* actividadViewController.swift */ = {isa = PBXFileReference; lastKnownFileType = sourcecode.swift; path = actividadViewController.swift; sourceTree = "<group>"; };
		E670877C2C7556540015E321 /* profileViewController.swift */ = {isa = PBXFileReference; lastKnownFileType = sourcecode.swift; path = profileViewController.swift; sourceTree = "<group>"; };
		E68AC5152C827B58005B687B /* Assets.xcassets */ = {isa = PBXFileReference; lastKnownFileType = folder.assetcatalog; name = Assets.xcassets; path = ../Assets.xcassets; sourceTree = "<group>"; };
		E68C1D602C77C50C008D48C3 /* activityCardTableViewCell.swift */ = {isa = PBXFileReference; lastKnownFileType = sourcecode.swift; path = activityCardTableViewCell.swift; sourceTree = "<group>"; };
		E68C1D612C77C50C008D48C3 /* activityCardTableViewCell.xib */ = {isa = PBXFileReference; lastKnownFileType = file.xib; path = activityCardTableViewCell.xib; sourceTree = "<group>"; };
		E6CEA3932C6AE8CD0053A1D6 /* Dashboard.storyboard */ = {isa = PBXFileReference; lastKnownFileType = file.storyboard; path = Dashboard.storyboard; sourceTree = "<group>"; };
		E6CEA3952C6AE8FC0053A1D6 /* dashboardViewController.swift */ = {isa = PBXFileReference; lastKnownFileType = sourcecode.swift; path = dashboardViewController.swift; sourceTree = "<group>"; };
/* End PBXFileReference section */

/* Begin PBXFrameworksBuildPhase section */
		CAA0C2F02C65BD2C00188707 /* Frameworks */ = {
			isa = PBXFrameworksBuildPhase;
			buildActionMask = 2147483647;
			files = (
			);
			runOnlyForDeploymentPostprocessing = 0;
		};
		CAA0C3062C65BD2D00188707 /* Frameworks */ = {
			isa = PBXFrameworksBuildPhase;
			buildActionMask = 2147483647;
			files = (
			);
			runOnlyForDeploymentPostprocessing = 0;
		};
		CAA0C3102C65BD2D00188707 /* Frameworks */ = {
			isa = PBXFrameworksBuildPhase;
			buildActionMask = 2147483647;
			files = (
			);
			runOnlyForDeploymentPostprocessing = 0;
		};
/* End PBXFrameworksBuildPhase section */

/* Begin PBXGroup section */
		CAA0C2EA2C65BD2C00188707 = {
			isa = PBXGroup;
			children = (
				CAA0C2F52C65BD2C00188707 /* uberApp */,
				CAA0C30C2C65BD2D00188707 /* uberAppTests */,
				CAA0C3162C65BD2D00188707 /* uberAppUITests */,
				CAA0C2F42C65BD2C00188707 /* Products */,
			);
			sourceTree = "<group>";
		};
		CAA0C2F42C65BD2C00188707 /* Products */ = {
			isa = PBXGroup;
			children = (
				CAA0C2F32C65BD2C00188707 /* uberApp.app */,
				CAA0C3092C65BD2D00188707 /* uberAppTests.xctest */,
				CAA0C3132C65BD2D00188707 /* uberAppUITests.xctest */,
			);
			name = Products;
			sourceTree = "<group>";
		};
		CAA0C2F52C65BD2C00188707 /* uberApp */ = {
			isa = PBXGroup;
			children = (
				CAA0C2F62C65BD2C00188707 /* AppDelegate.swift */,
				CAA0C2F82C65BD2C00188707 /* SceneDelegate.swift */,
				CAA0C3272C65BD4400188707 /* Model */,
				CAA0C3262C65BD3C00188707 /* View */,
				CAA0C3282C65BD6E00188707 /* Controller */,
				CAA0C3042C65BD2D00188707 /* Info.plist */,
				E68AC5152C827B58005B687B /* Assets.xcassets */,
			);
			path = uberApp;
			sourceTree = "<group>";
		};
		CAA0C30C2C65BD2D00188707 /* uberAppTests */ = {
			isa = PBXGroup;
			children = (
				CAA0C30D2C65BD2D00188707 /* uberAppTests.swift */,
			);
			path = uberAppTests;
			sourceTree = "<group>";
		};
		CAA0C3162C65BD2D00188707 /* uberAppUITests */ = {
			isa = PBXGroup;
			children = (
				CAA0C3172C65BD2D00188707 /* uberAppUITests.swift */,
				CAA0C3192C65BD2D00188707 /* uberAppUITestsLaunchTests.swift */,
			);
			path = uberAppUITests;
			sourceTree = "<group>";
		};
		CAA0C3262C65BD3C00188707 /* View */ = {
			isa = PBXGroup;
			children = (
				CAA0C3012C65BD2D00188707 /* LaunchScreen.storyboard */,
				CAA0C2FC2C65BD2C00188707 /* Main.storyboard */,
				E6CEA3932C6AE8CD0053A1D6 /* Dashboard.storyboard */,
			);
			path = View;
			sourceTree = "<group>";
		};
		CAA0C3272C65BD4400188707 /* Model */ = {
			isa = PBXGroup;
			children = (
			);
			path = Model;
			sourceTree = "<group>";
		};
		CAA0C3282C65BD6E00188707 /* Controller */ = {
			isa = PBXGroup;
			children = (
				CAA0C2FA2C65BD2C00188707 /* ViewController.swift */,
				E6CEA3952C6AE8FC0053A1D6 /* dashboardViewController.swift */,
				E67087762C74F5C90015E321 /* mapsViewController.swift */,
				E67087782C74F60F0015E321 /* optionsViewController.swift */,
				E670877A2C75563D0015E321 /* actividadViewController.swift */,
				E670877C2C7556540015E321 /* profileViewController.swift */,
				E68C1D602C77C50C008D48C3 /* activityCardTableViewCell.swift */,
				E68C1D612C77C50C008D48C3 /* activityCardTableViewCell.xib */,
				E650583B2C7CF88100D89D5B /* CuentaTableViewCell.swift */,
				E650583C2C7CF88100D89D5B /* CuentaTableViewCell.xib */,
			);
			path = Controller;
			sourceTree = "<group>";
		};
/* End PBXGroup section */

/* Begin PBXNativeTarget section */
		CAA0C2F22C65BD2C00188707 /* uberApp */ = {
			isa = PBXNativeTarget;
			buildConfigurationList = CAA0C31D2C65BD2D00188707 /* Build configuration list for PBXNativeTarget "uberApp" */;
			buildPhases = (
				CAA0C2EF2C65BD2C00188707 /* Sources */,
				CAA0C2F02C65BD2C00188707 /* Frameworks */,
				CAA0C2F12C65BD2C00188707 /* Resources */,
			);
			buildRules = (
			);
			dependencies = (
			);
			name = uberApp;
			productName = uberApp;
			productReference = CAA0C2F32C65BD2C00188707 /* uberApp.app */;
			productType = "com.apple.product-type.application";
		};
		CAA0C3082C65BD2D00188707 /* uberAppTests */ = {
			isa = PBXNativeTarget;
			buildConfigurationList = CAA0C3202C65BD2D00188707 /* Build configuration list for PBXNativeTarget "uberAppTests" */;
			buildPhases = (
				CAA0C3052C65BD2D00188707 /* Sources */,
				CAA0C3062C65BD2D00188707 /* Frameworks */,
				CAA0C3072C65BD2D00188707 /* Resources */,
			);
			buildRules = (
			);
			dependencies = (
				CAA0C30B2C65BD2D00188707 /* PBXTargetDependency */,
			);
			name = uberAppTests;
			productName = uberAppTests;
			productReference = CAA0C3092C65BD2D00188707 /* uberAppTests.xctest */;
			productType = "com.apple.product-type.bundle.unit-test";
		};
		CAA0C3122C65BD2D00188707 /* uberAppUITests */ = {
			isa = PBXNativeTarget;
			buildConfigurationList = CAA0C3232C65BD2D00188707 /* Build configuration list for PBXNativeTarget "uberAppUITests" */;
			buildPhases = (
				CAA0C30F2C65BD2D00188707 /* Sources */,
				CAA0C3102C65BD2D00188707 /* Frameworks */,
				CAA0C3112C65BD2D00188707 /* Resources */,
			);
			buildRules = (
			);
			dependencies = (
				CAA0C3152C65BD2D00188707 /* PBXTargetDependency */,
			);
			name = uberAppUITests;
			productName = uberAppUITests;
			productReference = CAA0C3132C65BD2D00188707 /* uberAppUITests.xctest */;
			productType = "com.apple.product-type.bundle.ui-testing";
		};
/* End PBXNativeTarget section */

/* Begin PBXProject section */
		CAA0C2EB2C65BD2C00188707 /* Project object */ = {
			isa = PBXProject;
			attributes = {
				BuildIndependentTargetsInParallel = 1;
				LastSwiftUpdateCheck = 1540;
				LastUpgradeCheck = 1540;
				TargetAttributes = {
					CAA0C2F22C65BD2C00188707 = {
						CreatedOnToolsVersion = 15.4;
					};
					CAA0C3082C65BD2D00188707 = {
						CreatedOnToolsVersion = 15.4;
						TestTargetID = CAA0C2F22C65BD2C00188707;
					};
					CAA0C3122C65BD2D00188707 = {
						CreatedOnToolsVersion = 15.4;
						TestTargetID = CAA0C2F22C65BD2C00188707;
					};
				};
			};
			buildConfigurationList = CAA0C2EE2C65BD2C00188707 /* Build configuration list for PBXProject "uberApp" */;
			compatibilityVersion = "Xcode 14.0";
			developmentRegion = en;
			hasScannedForEncodings = 0;
			knownRegions = (
				en,
				Base,
			);
			mainGroup = CAA0C2EA2C65BD2C00188707;
			productRefGroup = CAA0C2F42C65BD2C00188707 /* Products */;
			projectDirPath = "";
			projectRoot = "";
			targets = (
				CAA0C2F22C65BD2C00188707 /* uberApp */,
				CAA0C3082C65BD2D00188707 /* uberAppTests */,
				CAA0C3122C65BD2D00188707 /* uberAppUITests */,
			);
		};
/* End PBXProject section */

/* Begin PBXResourcesBuildPhase section */
		CAA0C2F12C65BD2C00188707 /* Resources */ = {
			isa = PBXResourcesBuildPhase;
			buildActionMask = 2147483647;
			files = (
				CAA0C3032C65BD2D00188707 /* Base in Resources */,
				E650583E2C7CF88100D89D5B /* CuentaTableViewCell.xib in Resources */,
				CAA0C2FE2C65BD2C00188707 /* Base in Resources */,
				E6CEA3942C6AE8CD0053A1D6 /* Dashboard.storyboard in Resources */,
				E68AC5162C827B58005B687B /* Assets.xcassets in Resources */,
				E68C1D622C77C50C008D48C3 /* activityCardTableViewCell.xib in Resources */,
			);
			runOnlyForDeploymentPostprocessing = 0;
		};
		CAA0C3072C65BD2D00188707 /* Resources */ = {
			isa = PBXResourcesBuildPhase;
			buildActionMask = 2147483647;
			files = (
			);
			runOnlyForDeploymentPostprocessing = 0;
		};
		CAA0C3112C65BD2D00188707 /* Resources */ = {
			isa = PBXResourcesBuildPhase;
			buildActionMask = 2147483647;
			files = (
			);
			runOnlyForDeploymentPostprocessing = 0;
		};
/* End PBXResourcesBuildPhase section */

/* Begin PBXSourcesBuildPhase section */
		CAA0C2EF2C65BD2C00188707 /* Sources */ = {
			isa = PBXSourcesBuildPhase;
			buildActionMask = 2147483647;
			files = (
				CAA0C2FB2C65BD2C00188707 /* ViewController.swift in Sources */,
				CAA0C2F72C65BD2C00188707 /* AppDelegate.swift in Sources */,
				CAA0C2F92C65BD2C00188707 /* SceneDelegate.swift in Sources */,
				E67087772C74F5C90015E321 /* mapsViewController.swift in Sources */,
				E68C1D632C77C50C008D48C3 /* activityCardTableViewCell.swift in Sources */,
				E650583D2C7CF88100D89D5B /* CuentaTableViewCell.swift in Sources */,
				E6CEA3962C6AE8FC0053A1D6 /* dashboardViewController.swift in Sources */,
				E670877B2C75563D0015E321 /* actividadViewController.swift in Sources */,
				E670877D2C7556540015E321 /* profileViewController.swift in Sources */,
				E67087792C74F60F0015E321 /* optionsViewController.swift in Sources */,
			);
			runOnlyForDeploymentPostprocessing = 0;
		};
		CAA0C3052C65BD2D00188707 /* Sources */ = {
			isa = PBXSourcesBuildPhase;
			buildActionMask = 2147483647;
			files = (
				CAA0C30E2C65BD2D00188707 /* uberAppTests.swift in Sources */,
			);
			runOnlyForDeploymentPostprocessing = 0;
		};
		CAA0C30F2C65BD2D00188707 /* Sources */ = {
			isa = PBXSourcesBuildPhase;
			buildActionMask = 2147483647;
			files = (
				CAA0C31A2C65BD2D00188707 /* uberAppUITestsLaunchTests.swift in Sources */,
				CAA0C3182C65BD2D00188707 /* uberAppUITests.swift in Sources */,
			);
			runOnlyForDeploymentPostprocessing = 0;
		};
/* End PBXSourcesBuildPhase section */

/* Begin PBXTargetDependency section */
		CAA0C30B2C65BD2D00188707 /* PBXTargetDependency */ = {
			isa = PBXTargetDependency;
			target = CAA0C2F22C65BD2C00188707 /* uberApp */;
			targetProxy = CAA0C30A2C65BD2D00188707 /* PBXContainerItemProxy */;
		};
		CAA0C3152C65BD2D00188707 /* PBXTargetDependency */ = {
			isa = PBXTargetDependency;
			target = CAA0C2F22C65BD2C00188707 /* uberApp */;
			targetProxy = CAA0C3142C65BD2D00188707 /* PBXContainerItemProxy */;
		};
/* End PBXTargetDependency section */

/* Begin PBXVariantGroup section */
		CAA0C2FC2C65BD2C00188707 /* Main.storyboard */ = {
			isa = PBXVariantGroup;
			children = (
				CAA0C2FD2C65BD2C00188707 /* Base */,
			);
			name = Main.storyboard;
			sourceTree = "<group>";
		};
		CAA0C3012C65BD2D00188707 /* LaunchScreen.storyboard */ = {
			isa = PBXVariantGroup;
			children = (
				CAA0C3022C65BD2D00188707 /* Base */,
			);
			name = LaunchScreen.storyboard;
			sourceTree = "<group>";
		};
/* End PBXVariantGroup section */

/* Begin XCBuildConfiguration section */
		CAA0C31B2C65BD2D00188707 /* Debug */ = {
			isa = XCBuildConfiguration;
			buildSettings = {
				ALWAYS_SEARCH_USER_PATHS = NO;
				ASSETCATALOG_COMPILER_GENERATE_SWIFT_ASSET_SYMBOL_EXTENSIONS = YES;
				CLANG_ANALYZER_NONNULL = YES;
				CLANG_ANALYZER_NUMBER_OBJECT_CONVERSION = YES_AGGRESSIVE;
				CLANG_CXX_LANGUAGE_STANDARD = "gnu++20";
				CLANG_ENABLE_MODULES = YES;
				CLANG_ENABLE_OBJC_ARC = YES;
				CLANG_ENABLE_OBJC_WEAK = YES;
				CLANG_WARN_BLOCK_CAPTURE_AUTORELEASING = YES;
				CLANG_WARN_BOOL_CONVERSION = YES;
				CLANG_WARN_COMMA = YES;
				CLANG_WARN_CONSTANT_CONVERSION = YES;
				CLANG_WARN_DEPRECATED_OBJC_IMPLEMENTATIONS = YES;
				CLANG_WARN_DIRECT_OBJC_ISA_USAGE = YES_ERROR;
				CLANG_WARN_DOCUMENTATION_COMMENTS = YES;
				CLANG_WARN_EMPTY_BODY = YES;
				CLANG_WARN_ENUM_CONVERSION = YES;
				CLANG_WARN_INFINITE_RECURSION = YES;
				CLANG_WARN_INT_CONVERSION = YES;
				CLANG_WARN_NON_LITERAL_NULL_CONVERSION = YES;
				CLANG_WARN_OBJC_IMPLICIT_RETAIN_SELF = YES;
				CLANG_WARN_OBJC_LITERAL_CONVERSION = YES;
				CLANG_WARN_OBJC_ROOT_CLASS = YES_ERROR;
				CLANG_WARN_QUOTED_INCLUDE_IN_FRAMEWORK_HEADER = YES;
				CLANG_WARN_RANGE_LOOP_ANALYSIS = YES;
				CLANG_WARN_STRICT_PROTOTYPES = YES;
				CLANG_WARN_SUSPICIOUS_MOVE = YES;
				CLANG_WARN_UNGUARDED_AVAILABILITY = YES_AGGRESSIVE;
				CLANG_WARN_UNREACHABLE_CODE = YES;
				CLANG_WARN__DUPLICATE_METHOD_MATCH = YES;
				COPY_PHASE_STRIP = NO;
				DEBUG_INFORMATION_FORMAT = dwarf;
				ENABLE_STRICT_OBJC_MSGSEND = YES;
				ENABLE_TESTABILITY = YES;
				ENABLE_USER_SCRIPT_SANDBOXING = YES;
				GCC_C_LANGUAGE_STANDARD = gnu17;
				GCC_DYNAMIC_NO_PIC = NO;
				GCC_NO_COMMON_BLOCKS = YES;
				GCC_OPTIMIZATION_LEVEL = 0;
				GCC_PREPROCESSOR_DEFINITIONS = (
					"DEBUG=1",
					"$(inherited)",
				);
				GCC_WARN_64_TO_32_BIT_CONVERSION = YES;
				GCC_WARN_ABOUT_RETURN_TYPE = YES_ERROR;
				GCC_WARN_UNDECLARED_SELECTOR = YES;
				GCC_WARN_UNINITIALIZED_AUTOS = YES_AGGRESSIVE;
				GCC_WARN_UNUSED_FUNCTION = YES;
				GCC_WARN_UNUSED_VARIABLE = YES;
				IPHONEOS_DEPLOYMENT_TARGET = 17.5;
				LOCALIZATION_PREFERS_STRING_CATALOGS = YES;
				MTL_ENABLE_DEBUG_INFO = INCLUDE_SOURCE;
				MTL_FAST_MATH = YES;
				ONLY_ACTIVE_ARCH = YES;
				SDKROOT = iphoneos;
				SWIFT_ACTIVE_COMPILATION_CONDITIONS = "DEBUG $(inherited)";
				SWIFT_OPTIMIZATION_LEVEL = "-Onone";
			};
			name = Debug;
		};
		CAA0C31C2C65BD2D00188707 /* Release */ = {
			isa = XCBuildConfiguration;
			buildSettings = {
				ALWAYS_SEARCH_USER_PATHS = NO;
				ASSETCATALOG_COMPILER_GENERATE_SWIFT_ASSET_SYMBOL_EXTENSIONS = YES;
				CLANG_ANALYZER_NONNULL = YES;
				CLANG_ANALYZER_NUMBER_OBJECT_CONVERSION = YES_AGGRESSIVE;
				CLANG_CXX_LANGUAGE_STANDARD = "gnu++20";
				CLANG_ENABLE_MODULES = YES;
				CLANG_ENABLE_OBJC_ARC = YES;
				CLANG_ENABLE_OBJC_WEAK = YES;
				CLANG_WARN_BLOCK_CAPTURE_AUTORELEASING = YES;
				CLANG_WARN_BOOL_CONVERSION = YES;
				CLANG_WARN_COMMA = YES;
				CLANG_WARN_CONSTANT_CONVERSION = YES;
				CLANG_WARN_DEPRECATED_OBJC_IMPLEMENTATIONS = YES;
				CLANG_WARN_DIRECT_OBJC_ISA_USAGE = YES_ERROR;
				CLANG_WARN_DOCUMENTATION_COMMENTS = YES;
				CLANG_WARN_EMPTY_BODY = YES;
				CLANG_WARN_ENUM_CONVERSION = YES;
				CLANG_WARN_INFINITE_RECURSION = YES;
				CLANG_WARN_INT_CONVERSION = YES;
				CLANG_WARN_NON_LITERAL_NULL_CONVERSION = YES;
				CLANG_WARN_OBJC_IMPLICIT_RETAIN_SELF = YES;
				CLANG_WARN_OBJC_LITERAL_CONVERSION = YES;
				CLANG_WARN_OBJC_ROOT_CLASS = YES_ERROR;
				CLANG_WARN_QUOTED_INCLUDE_IN_FRAMEWORK_HEADER = YES;
				CLANG_WARN_RANGE_LOOP_ANALYSIS = YES;
				CLANG_WARN_STRICT_PROTOTYPES = YES;
				CLANG_WARN_SUSPICIOUS_MOVE = YES;
				CLANG_WARN_UNGUARDED_AVAILABILITY = YES_AGGRESSIVE;
				CLANG_WARN_UNREACHABLE_CODE = YES;
				CLANG_WARN__DUPLICATE_METHOD_MATCH = YES;
				COPY_PHASE_STRIP = NO;
				DEBUG_INFORMATION_FORMAT = "dwarf-with-dsym";
				ENABLE_NS_ASSERTIONS = NO;
				ENABLE_STRICT_OBJC_MSGSEND = YES;
				ENABLE_USER_SCRIPT_SANDBOXING = YES;
				GCC_C_LANGUAGE_STANDARD = gnu17;
				GCC_NO_COMMON_BLOCKS = YES;
				GCC_WARN_64_TO_32_BIT_CONVERSION = YES;
				GCC_WARN_ABOUT_RETURN_TYPE = YES_ERROR;
				GCC_WARN_UNDECLARED_SELECTOR = YES;
				GCC_WARN_UNINITIALIZED_AUTOS = YES_AGGRESSIVE;
				GCC_WARN_UNUSED_FUNCTION = YES;
				GCC_WARN_UNUSED_VARIABLE = YES;
				IPHONEOS_DEPLOYMENT_TARGET = 17.5;
				LOCALIZATION_PREFERS_STRING_CATALOGS = YES;
				MTL_ENABLE_DEBUG_INFO = NO;
				MTL_FAST_MATH = YES;
				SDKROOT = iphoneos;
				SWIFT_COMPILATION_MODE = wholemodule;
				VALIDATE_PRODUCT = YES;
			};
			name = Release;
		};
		CAA0C31E2C65BD2D00188707 /* Debug */ = {
			isa = XCBuildConfiguration;
			buildSettings = {
				ASSETCATALOG_COMPILER_APPICON_NAME = AppIcon;
				ASSETCATALOG_COMPILER_GLOBAL_ACCENT_COLOR_NAME = AccentColor;
				CODE_SIGN_STYLE = Automatic;
				CURRENT_PROJECT_VERSION = 1;
				GENERATE_INFOPLIST_FILE = YES;
				INFOPLIST_FILE = uberApp/Info.plist;
				INFOPLIST_KEY_UIApplicationSupportsIndirectInputEvents = YES;
				INFOPLIST_KEY_UILaunchStoryboardName = LaunchScreen;
				INFOPLIST_KEY_UIMainStoryboardFile = Main;
				INFOPLIST_KEY_UISupportedInterfaceOrientations_iPad = "UIInterfaceOrientationPortrait UIInterfaceOrientationPortraitUpsideDown UIInterfaceOrientationLandscapeLeft UIInterfaceOrientationLandscapeRight";
				INFOPLIST_KEY_UISupportedInterfaceOrientations_iPhone = "UIInterfaceOrientationPortrait UIInterfaceOrientationLandscapeLeft UIInterfaceOrientationLandscapeRight";
				IPHONEOS_DEPLOYMENT_TARGET = 17.0;
				LD_RUNPATH_SEARCH_PATHS = (
					"$(inherited)",
					"@executable_path/Frameworks",
				);
				MARKETING_VERSION = 1.0;
				PRODUCT_BUNDLE_IDENTIFIER = "AA-Technology.uberApp";
				PRODUCT_NAME = "$(TARGET_NAME)";
				SWIFT_EMIT_LOC_STRINGS = YES;
				SWIFT_VERSION = 5.0;
				TARGETED_DEVICE_FAMILY = "1,2";
			};
			name = Debug;
		};
		CAA0C31F2C65BD2D00188707 /* Release */ = {
			isa = XCBuildConfiguration;
			buildSettings = {
				ASSETCATALOG_COMPILER_APPICON_NAME = AppIcon;
				ASSETCATALOG_COMPILER_GLOBAL_ACCENT_COLOR_NAME = AccentColor;
				CODE_SIGN_STYLE = Automatic;
				CURRENT_PROJECT_VERSION = 1;
				GENERATE_INFOPLIST_FILE = YES;
				INFOPLIST_FILE = uberApp/Info.plist;
				INFOPLIST_KEY_UIApplicationSupportsIndirectInputEvents = YES;
				INFOPLIST_KEY_UILaunchStoryboardName = LaunchScreen;
				INFOPLIST_KEY_UIMainStoryboardFile = Main;
				INFOPLIST_KEY_UISupportedInterfaceOrientations_iPad = "UIInterfaceOrientationPortrait UIInterfaceOrientationPortraitUpsideDown UIInterfaceOrientationLandscapeLeft UIInterfaceOrientationLandscapeRight";
				INFOPLIST_KEY_UISupportedInterfaceOrientations_iPhone = "UIInterfaceOrientationPortrait UIInterfaceOrientationLandscapeLeft UIInterfaceOrientationLandscapeRight";
				IPHONEOS_DEPLOYMENT_TARGET = 17.0;
				LD_RUNPATH_SEARCH_PATHS = (
					"$(inherited)",
					"@executable_path/Frameworks",
				);
				MARKETING_VERSION = 1.0;
				PRODUCT_BUNDLE_IDENTIFIER = "AA-Technology.uberApp";
				PRODUCT_NAME = "$(TARGET_NAME)";
				SWIFT_EMIT_LOC_STRINGS = YES;
				SWIFT_VERSION = 5.0;
				TARGETED_DEVICE_FAMILY = "1,2";
			};
			name = Release;
		};
		CAA0C3212C65BD2D00188707 /* Debug */ = {
			isa = XCBuildConfiguration;
			buildSettings = {
				ALWAYS_EMBED_SWIFT_STANDARD_LIBRARIES = YES;
				BUNDLE_LOADER = "$(TEST_HOST)";
				CODE_SIGN_STYLE = Automatic;
				CURRENT_PROJECT_VERSION = 1;
				GENERATE_INFOPLIST_FILE = YES;
				IPHONEOS_DEPLOYMENT_TARGET = 17.5;
				MARKETING_VERSION = 1.0;
				PRODUCT_BUNDLE_IDENTIFIER = "AA-Technology.uberAppTests";
				PRODUCT_NAME = "$(TARGET_NAME)";
				SWIFT_EMIT_LOC_STRINGS = NO;
				SWIFT_VERSION = 5.0;
				TARGETED_DEVICE_FAMILY = "1,2";
				TEST_HOST = "$(BUILT_PRODUCTS_DIR)/uberApp.app/$(BUNDLE_EXECUTABLE_FOLDER_PATH)/uberApp";
			};
			name = Debug;
		};
		CAA0C3222C65BD2D00188707 /* Release */ = {
			isa = XCBuildConfiguration;
			buildSettings = {
				ALWAYS_EMBED_SWIFT_STANDARD_LIBRARIES = YES;
				BUNDLE_LOADER = "$(TEST_HOST)";
				CODE_SIGN_STYLE = Automatic;
				CURRENT_PROJECT_VERSION = 1;
				GENERATE_INFOPLIST_FILE = YES;
				IPHONEOS_DEPLOYMENT_TARGET = 17.5;
				MARKETING_VERSION = 1.0;
				PRODUCT_BUNDLE_IDENTIFIER = "AA-Technology.uberAppTests";
				PRODUCT_NAME = "$(TARGET_NAME)";
				SWIFT_EMIT_LOC_STRINGS = NO;
				SWIFT_VERSION = 5.0;
				TARGETED_DEVICE_FAMILY = "1,2";
				TEST_HOST = "$(BUILT_PRODUCTS_DIR)/uberApp.app/$(BUNDLE_EXECUTABLE_FOLDER_PATH)/uberApp";
			};
			name = Release;
		};
		CAA0C3242C65BD2D00188707 /* Debug */ = {
			isa = XCBuildConfiguration;
			buildSettings = {
				ALWAYS_EMBED_SWIFT_STANDARD_LIBRARIES = YES;
				CODE_SIGN_STYLE = Automatic;
				CURRENT_PROJECT_VERSION = 1;
				GENERATE_INFOPLIST_FILE = YES;
				MARKETING_VERSION = 1.0;
				PRODUCT_BUNDLE_IDENTIFIER = "AA-Technology.uberAppUITests";
				PRODUCT_NAME = "$(TARGET_NAME)";
				SWIFT_EMIT_LOC_STRINGS = NO;
				SWIFT_VERSION = 5.0;
				TARGETED_DEVICE_FAMILY = "1,2";
				TEST_TARGET_NAME = uberApp;
			};
			name = Debug;
		};
		CAA0C3252C65BD2D00188707 /* Release */ = {
			isa = XCBuildConfiguration;
			buildSettings = {
				ALWAYS_EMBED_SWIFT_STANDARD_LIBRARIES = YES;
				CODE_SIGN_STYLE = Automatic;
				CURRENT_PROJECT_VERSION = 1;
				GENERATE_INFOPLIST_FILE = YES;
				MARKETING_VERSION = 1.0;
				PRODUCT_BUNDLE_IDENTIFIER = "AA-Technology.uberAppUITests";
				PRODUCT_NAME = "$(TARGET_NAME)";
				SWIFT_EMIT_LOC_STRINGS = NO;
				SWIFT_VERSION = 5.0;
				TARGETED_DEVICE_FAMILY = "1,2";
				TEST_TARGET_NAME = uberApp;
			};
			name = Release;
		};
/* End XCBuildConfiguration section */

/* Begin XCConfigurationList section */
		CAA0C2EE2C65BD2C00188707 /* Build configuration list for PBXProject "uberApp" */ = {
			isa = XCConfigurationList;
			buildConfigurations = (
				CAA0C31B2C65BD2D00188707 /* Debug */,
				CAA0C31C2C65BD2D00188707 /* Release */,
			);
			defaultConfigurationIsVisible = 0;
			defaultConfigurationName = Release;
		};
		CAA0C31D2C65BD2D00188707 /* Build configuration list for PBXNativeTarget "uberApp" */ = {
			isa = XCConfigurationList;
			buildConfigurations = (
				CAA0C31E2C65BD2D00188707 /* Debug */,
				CAA0C31F2C65BD2D00188707 /* Release */,
			);
			defaultConfigurationIsVisible = 0;
			defaultConfigurationName = Release;
		};
		CAA0C3202C65BD2D00188707 /* Build configuration list for PBXNativeTarget "uberAppTests" */ = {
			isa = XCConfigurationList;
			buildConfigurations = (
				CAA0C3212C65BD2D00188707 /* Debug */,
				CAA0C3222C65BD2D00188707 /* Release */,
			);
			defaultConfigurationIsVisible = 0;
			defaultConfigurationName = Release;
		};
		CAA0C3232C65BD2D00188707 /* Build configuration list for PBXNativeTarget "uberAppUITests" */ = {
			isa = XCConfigurationList;
			buildConfigurations = (
				CAA0C3242C65BD2D00188707 /* Debug */,
				CAA0C3252C65BD2D00188707 /* Release */,
			);
			defaultConfigurationIsVisible = 0;
			defaultConfigurationName = Release;
		};
/* End XCConfigurationList section */
	};
	rootObject = CAA0C2EB2C65BD2C00188707 /* Project object */;
}
